
Microsoft Visual Studio Solution File, Format Version 12.00
# Visual Studio Version 17
VisualStudioVersion = 17.9.34607.119
MinimumVisualStudioVersion = 10.0.40219.1
Project("{9A19103F-16F7-4668-BE54-9A1E7A4F7556}") = "ConnectFour", "ConnectFour\ConnectFour.csproj", "{32058ACC-76E2-4490-B95B-2BA900809853}"
EndProject
Project("{2150E333-8FDC-42A3-9474-1A3956D46DE8}") = "TestingConnectFour", "TestingConnectFour", "{D238AC81-DD4A-47B8-B2BE-08341819227F}"
EndProject
Project("{FAE04EC0-301F-11D3-BF4B-00C04F79EFBC}") = "TestConnectFour", "TestConnectFour\TestConnectFour.csproj", "{74497847-61B2-4FBC-AE04-9D9FA30713E7}"
EndProject
Global
	GlobalSection(SolutionConfigurationPlatforms) = preSolution
		Debug|Any CPU = Debug|Any CPU
		Release|Any CPU = Release|Any CPU
	EndGlobalSection
	GlobalSection(ProjectConfigurationPlatforms) = postSolution
		{32058ACC-76E2-4490-B95B-2BA900809853}.Debug|Any CPU.ActiveCfg = Debug|Any CPU
		{32058ACC-76E2-4490-B95B-2BA900809853}.Debug|Any CPU.Build.0 = Debug|Any CPU
		{32058ACC-76E2-4490-B95B-2BA900809853}.Release|Any CPU.ActiveCfg = Release|Any CPU
		{32058ACC-76E2-4490-B95B-2BA900809853}.Release|Any CPU.Build.0 = Release|Any CPU
		{74497847-61B2-4FBC-AE04-9D9FA30713E7}.Debug|Any CPU.ActiveCfg = Debug|Any CPU
		{74497847-61B2-4FBC-AE04-9D9FA30713E7}.Debug|Any CPU.Build.0 = Debug|Any CPU
		{74497847-61B2-4FBC-AE04-9D9FA30713E7}.Release|Any CPU.ActiveCfg = Release|Any CPU
		{74497847-61B2-4FBC-AE04-9D9FA30713E7}.Release|Any CPU.Build.0 = Release|Any CPU
	EndGlobalSection
	GlobalSection(SolutionProperties) = preSolution
		HideSolutionNode = FALSE
	EndGlobalSection
	GlobalSection(NestedProjects) = preSolution
		{74497847-61B2-4FBC-AE04-9D9FA30713E7} = {D238AC81-DD4A-47B8-B2BE-08341819227F}
	EndGlobalSection
	GlobalSection(ExtensibilityGlobals) = postSolution
		SolutionGuid = {FD2DCA06-B9E3-4FAE-88F3-CC46AE369040}
	EndGlobalSection
EndGlobal
