
Microsoft Visual Studio Solution File, Format Version 12.00
# Visual Studio Version 17
VisualStudioVersion = 17.9.34607.119
MinimumVisualStudioVersion = 10.0.40219.1
Project("{FAE04EC0-301F-11D3-BF4B-00C04F79EFBC}") = "ConnectFour", "ConnectFour\ConnectFour.csproj", "{32058ACC-76E2-4490-B95B-2BA900809853}"
EndProject
Global
	GlobalSection(SolutionConfigurationPlatforms) = preSolution
		Debug|Any CPU = Debug|Any CPU
		Release|Any CPU = Release|Any CPU
	EndGlobalSection
	GlobalSection(ProjectConfigurationPlatforms) = postSolution
		{32058ACC-76E2-4490-B95B-2BA900809853}.Debug|Any CPU.ActiveCfg = Debug|Any CPU
		{32058ACC-76E2-4490-B95B-2BA900809853}.Debug|Any CPU.Build.0 = Debug|Any CPU
		{32058ACC-76E2-4490-B95B-2BA900809853}.Release|Any CPU.ActiveCfg = Release|Any CPU
		{32058ACC-76E2-4490-B95B-2BA900809853}.Release|Any CPU.Build.0 = Release|Any CPU
	EndGlobalSection
	GlobalSection(SolutionProperties) = preSolution
		HideSolutionNode = FALSE
	EndGlobalSection
	GlobalSection(ExtensibilityGlobals) = postSolution
		SolutionGuid = {FD2DCA06-B9E3-4FAE-88F3-CC46AE369040}
	EndGlobalSection
EndGlobal
